// !$*UTF8*$!
{
	archiveVersion = 1;
	classes = {
	};
	objectVersion = 46;
	objects = {

/* Begin PBXBuildFile section */
		751F7E511F61446F004086FF /* AppDelegate.swift in Sources */ = {isa = PBXBuildFile; fileRef = 751F7E501F61446F004086FF /* AppDelegate.swift */; };
		751F7E531F61446F004086FF /* ViewController.swift in Sources */ = {isa = PBXBuildFile; fileRef = 751F7E521F61446F004086FF /* ViewController.swift */; };
		751F7E561F61446F004086FF /* Main.storyboard in Resources */ = {isa = PBXBuildFile; fileRef = 751F7E541F61446F004086FF /* Main.storyboard */; };
		751F7E581F61446F004086FF /* Assets.xcassets in Resources */ = {isa = PBXBuildFile; fileRef = 751F7E571F61446F004086FF /* Assets.xcassets */; };
		751F7E5B1F61446F004086FF /* LaunchScreen.storyboard in Resources */ = {isa = PBXBuildFile; fileRef = 751F7E591F61446F004086FF /* LaunchScreen.storyboard */; };
		751F7E661F61446F004086FF /* LearnShellTests.swift in Sources */ = {isa = PBXBuildFile; fileRef = 751F7E651F61446F004086FF /* LearnShellTests.swift */; };
		751F7E721F614790004086FF /* Launch.swift in Sources */ = {isa = PBXBuildFile; fileRef = 751F7E711F614790004086FF /* Launch.swift */; };
		EC1AB20A07CE8A4F2AFFE397 /* Pods_LearnShell.framework in Frameworks */ = {isa = PBXBuildFile; fileRef = 05BEF72021AAE35696C5CB4F /* Pods_LearnShell.framework */; };
/* End PBXBuildFile section */

/* Begin PBXContainerItemProxy section */
		751F7E621F61446F004086FF /* PBXContainerItemProxy */ = {
			isa = PBXContainerItemProxy;
			containerPortal = 751F7E451F61446F004086FF /* Project object */;
			proxyType = 1;
			remoteGlobalIDString = 751F7E4C1F61446F004086FF;
			remoteInfo = LearnShell;
		};
/* End PBXContainerItemProxy section */

/* Begin PBXFileReference section */
		05BEF72021AAE35696C5CB4F /* Pods_LearnShell.framework */ = {isa = PBXFileReference; explicitFileType = wrapper.framework; includeInIndex = 0; path = Pods_LearnShell.framework; sourceTree = BUILT_PRODUCTS_DIR; };
		289AA46EF7AA5409FEAD86D2 /* Pods-LearnShell.debug.xcconfig */ = {isa = PBXFileReference; includeInIndex = 1; lastKnownFileType = text.xcconfig; name = "Pods-LearnShell.debug.xcconfig"; path = "Pods/Target Support Files/Pods-LearnShell/Pods-LearnShell.debug.xcconfig"; sourceTree = "<group>"; };
		751F7E4D1F61446F004086FF /* LearnShell.app */ = {isa = PBXFileReference; explicitFileType = wrapper.application; includeInIndex = 0; path = LearnShell.app; sourceTree = BUILT_PRODUCTS_DIR; };
		751F7E501F61446F004086FF /* AppDelegate.swift */ = {isa = PBXFileReference; lastKnownFileType = sourcecode.swift; path = AppDelegate.swift; sourceTree = "<group>"; };
		751F7E521F61446F004086FF /* ViewController.swift */ = {isa = PBXFileReference; lastKnownFileType = sourcecode.swift; path = ViewController.swift; sourceTree = "<group>"; };
		751F7E551F61446F004086FF /* Base */ = {isa = PBXFileReference; lastKnownFileType = file.storyboard; name = Base; path = Base.lproj/Main.storyboard; sourceTree = "<group>"; };
		751F7E571F61446F004086FF /* Assets.xcassets */ = {isa = PBXFileReference; lastKnownFileType = folder.assetcatalog; path = Assets.xcassets; sourceTree = "<group>"; };
		751F7E5A1F61446F004086FF /* Base */ = {isa = PBXFileReference; lastKnownFileType = file.storyboard; name = Base; path = Base.lproj/LaunchScreen.storyboard; sourceTree = "<group>"; };
		751F7E5C1F61446F004086FF /* Info.plist */ = {isa = PBXFileReference; lastKnownFileType = text.plist.xml; path = Info.plist; sourceTree = "<group>"; };
		751F7E611F61446F004086FF /* LearnShellTests.xctest */ = {isa = PBXFileReference; explicitFileType = wrapper.cfbundle; includeInIndex = 0; path = LearnShellTests.xctest; sourceTree = BUILT_PRODUCTS_DIR; };
		751F7E651F61446F004086FF /* LearnShellTests.swift */ = {isa = PBXFileReference; lastKnownFileType = sourcecode.swift; path = LearnShellTests.swift; sourceTree = "<group>"; };
		751F7E671F61446F004086FF /* Info.plist */ = {isa = PBXFileReference; lastKnownFileType = text.plist.xml; path = Info.plist; sourceTree = "<group>"; };
		751F7E711F614790004086FF /* Launch.swift */ = {isa = PBXFileReference; fileEncoding = 4; lastKnownFileType = sourcecode.swift; path = Launch.swift; sourceTree = "<group>"; };
		A4FF725705B3E5B86840474F /* Pods-LearnShell.release.xcconfig */ = {isa = PBXFileReference; includeInIndex = 1; lastKnownFileType = text.xcconfig; name = "Pods-LearnShell.release.xcconfig"; path = "Pods/Target Support Files/Pods-LearnShell/Pods-LearnShell.release.xcconfig"; sourceTree = "<group>"; };
/* End PBXFileReference section */

/* Begin PBXFrameworksBuildPhase section */
		751F7E4A1F61446F004086FF /* Frameworks */ = {
			isa = PBXFrameworksBuildPhase;
			buildActionMask = 2147483647;
			files = (
				EC1AB20A07CE8A4F2AFFE397 /* Pods_LearnShell.framework in Frameworks */,
			);
			runOnlyForDeploymentPostprocessing = 0;
		};
		751F7E5E1F61446F004086FF /* Frameworks */ = {
			isa = PBXFrameworksBuildPhase;
			buildActionMask = 2147483647;
			files = (
			);
			runOnlyForDeploymentPostprocessing = 0;
		};
/* End PBXFrameworksBuildPhase section */

/* Begin PBXGroup section */
		751F7E441F61446F004086FF = {
			isa = PBXGroup;
			children = (
				751F7E4F1F61446F004086FF /* LearnShell */,
				751F7E641F61446F004086FF /* LearnShellTests */,
				751F7E4E1F61446F004086FF /* Products */,
				7BF2A8ADE54E7D24DA594A54 /* Pods */,
				99FF950A67F2BD96013447F8 /* Frameworks */,
			);
			sourceTree = "<group>";
		};
		751F7E4E1F61446F004086FF /* Products */ = {
			isa = PBXGroup;
			children = (
				751F7E4D1F61446F004086FF /* LearnShell.app */,
				751F7E611F61446F004086FF /* LearnShellTests.xctest */,
			);
			name = Products;
			sourceTree = "<group>";
		};
		751F7E4F1F61446F004086FF /* LearnShell */ = {
			isa = PBXGroup;
			children = (
				751F7E701F614780004086FF /* LearnShell */,
				751F7E501F61446F004086FF /* AppDelegate.swift */,
				751F7E521F61446F004086FF /* ViewController.swift */,
				751F7E541F61446F004086FF /* Main.storyboard */,
				751F7E571F61446F004086FF /* Assets.xcassets */,
				751F7E591F61446F004086FF /* LaunchScreen.storyboard */,
				751F7E5C1F61446F004086FF /* Info.plist */,
			);
			path = LearnShell;
			sourceTree = "<group>";
		};
		751F7E641F61446F004086FF /* LearnShellTests */ = {
			isa = PBXGroup;
			children = (
				751F7E651F61446F004086FF /* LearnShellTests.swift */,
				751F7E671F61446F004086FF /* Info.plist */,
			);
			path = LearnShellTests;
			sourceTree = "<group>";
		};
		751F7E701F614780004086FF /* LearnShell */ = {
			isa = PBXGroup;
			children = (
				751F7E711F614790004086FF /* Launch.swift */,
			);
			path = LearnShell;
			sourceTree = "<group>";
		};
		7BF2A8ADE54E7D24DA594A54 /* Pods */ = {
			isa = PBXGroup;
			children = (
				289AA46EF7AA5409FEAD86D2 /* Pods-LearnShell.debug.xcconfig */,
				A4FF725705B3E5B86840474F /* Pods-LearnShell.release.xcconfig */,
			);
			name = Pods;
			sourceTree = "<group>";
		};
		99FF950A67F2BD96013447F8 /* Frameworks */ = {
			isa = PBXGroup;
			children = (
				05BEF72021AAE35696C5CB4F /* Pods_LearnShell.framework */,
			);
			name = Frameworks;
			sourceTree = "<group>";
		};
/* End PBXGroup section */

/* Begin PBXNativeTarget section */
		751F7E4C1F61446F004086FF /* LearnShell */ = {
			isa = PBXNativeTarget;
			buildConfigurationList = 751F7E6A1F61446F004086FF /* Build configuration list for PBXNativeTarget "LearnShell" */;
			buildPhases = (
				46779217AC64FD1F92222C38 /* [CP] Check Pods Manifest.lock */,
				751F7E491F61446F004086FF /* Sources */,
				751F7E4A1F61446F004086FF /* Frameworks */,
				751F7E4B1F61446F004086FF /* Resources */,
				073978259BC3C8D9EC6D79D5 /* [CP] Embed Pods Frameworks */,
				2768F2CD31D1CB7363ECFAFE /* [CP] Copy Pods Resources */,
			);
			buildRules = (
			);
			dependencies = (
			);
			name = LearnShell;
			productName = LearnShell;
			productReference = 751F7E4D1F61446F004086FF /* LearnShell.app */;
			productType = "com.apple.product-type.application";
		};
		751F7E601F61446F004086FF /* LearnShellTests */ = {
			isa = PBXNativeTarget;
			buildConfigurationList = 751F7E6D1F61446F004086FF /* Build configuration list for PBXNativeTarget "LearnShellTests" */;
			buildPhases = (
				751F7E5D1F61446F004086FF /* Sources */,
				751F7E5E1F61446F004086FF /* Frameworks */,
				751F7E5F1F61446F004086FF /* Resources */,
			);
			buildRules = (
			);
			dependencies = (
				751F7E631F61446F004086FF /* PBXTargetDependency */,
			);
			name = LearnShellTests;
			productName = LearnShellTests;
			productReference = 751F7E611F61446F004086FF /* LearnShellTests.xctest */;
			productType = "com.apple.product-type.bundle.unit-test";
		};
/* End PBXNativeTarget section */

/* Begin PBXProject section */
		751F7E451F61446F004086FF /* Project object */ = {
			isa = PBXProject;
			attributes = {
				LastSwiftUpdateCheck = 0830;
				LastUpgradeCheck = 0830;
				ORGANIZATIONNAME = luhao;
				TargetAttributes = {
					751F7E4C1F61446F004086FF = {
						CreatedOnToolsVersion = 8.3.3;
						DevelopmentTeam = RU85R33KSG;
						ProvisioningStyle = Automatic;
					};
					751F7E601F61446F004086FF = {
						CreatedOnToolsVersion = 8.3.3;
						DevelopmentTeam = RU85R33KSG;
						ProvisioningStyle = Automatic;
						TestTargetID = 751F7E4C1F61446F004086FF;
					};
				};
			};
			buildConfigurationList = 751F7E481F61446F004086FF /* Build configuration list for PBXProject "LearnShell" */;
			compatibilityVersion = "Xcode 3.2";
			developmentRegion = English;
			hasScannedForEncodings = 0;
			knownRegions = (
				en,
				Base,
			);
			mainGroup = 751F7E441F61446F004086FF;
			productRefGroup = 751F7E4E1F61446F004086FF /* Products */;
			projectDirPath = "";
			projectRoot = "";
			targets = (
				751F7E4C1F61446F004086FF /* LearnShell */,
				751F7E601F61446F004086FF /* LearnShellTests */,
			);
		};
/* End PBXProject section */

/* Begin PBXResourcesBuildPhase section */
		751F7E4B1F61446F004086FF /* Resources */ = {
			isa = PBXResourcesBuildPhase;
			buildActionMask = 2147483647;
			files = (
				751F7E5B1F61446F004086FF /* LaunchScreen.storyboard in Resources */,
				751F7E581F61446F004086FF /* Assets.xcassets in Resources */,
				751F7E561F61446F004086FF /* Main.storyboard in Resources */,
			);
			runOnlyForDeploymentPostprocessing = 0;
		};
		751F7E5F1F61446F004086FF /* Resources */ = {
			isa = PBXResourcesBuildPhase;
			buildActionMask = 2147483647;
			files = (
			);
			runOnlyForDeploymentPostprocessing = 0;
		};
/* End PBXResourcesBuildPhase section */

/* Begin PBXShellScriptBuildPhase section */
		073978259BC3C8D9EC6D79D5 /* [CP] Embed Pods Frameworks */ = {
			isa = PBXShellScriptBuildPhase;
			buildActionMask = 2147483647;
			files = (
			);
			inputPaths = (
			);
			name = "[CP] Embed Pods Frameworks";
			outputPaths = (
			);
			runOnlyForDeploymentPostprocessing = 0;
			shellPath = /bin/sh;
			shellScript = "\"${SRCROOT}/Pods/Target Support Files/Pods-LearnShell/Pods-LearnShell-frameworks.sh\"\n";
			showEnvVarsInLog = 0;
		};
		2768F2CD31D1CB7363ECFAFE /* [CP] Copy Pods Resources */ = {
			isa = PBXShellScriptBuildPhase;
			buildActionMask = 2147483647;
			files = (
			);
			inputPaths = (
			);
			name = "[CP] Copy Pods Resources";
			outputPaths = (
			);
			runOnlyForDeploymentPostprocessing = 0;
			shellPath = /bin/sh;
			shellScript = "\"${SRCROOT}/Pods/Target Support Files/Pods-LearnShell/Pods-LearnShell-resources.sh\"\n";
			showEnvVarsInLog = 0;
		};
		46779217AC64FD1F92222C38 /* [CP] Check Pods Manifest.lock */ = {
			isa = PBXShellScriptBuildPhase;
			buildActionMask = 2147483647;
			files = (
			);
			inputPaths = (
				"${PODS_PODFILE_DIR_PATH}/Podfile.lock",
				"${PODS_ROOT}/Manifest.lock",
			);
			name = "[CP] Check Pods Manifest.lock";
			outputPaths = (
				"$(DERIVED_FILE_DIR)/Pods-LearnShell-checkManifestLockResult.txt",
			);
			runOnlyForDeploymentPostprocessing = 0;
			shellPath = /bin/sh;
			shellScript = "diff \"${PODS_PODFILE_DIR_PATH}/Podfile.lock\" \"${PODS_ROOT}/Manifest.lock\" > /dev/null\nif [ $? != 0 ] ; then\n    # print error to STDERR\n    echo \"error: The sandbox is not in sync with the Podfile.lock. Run 'pod install' or update your CocoaPods installation.\" >&2\n    exit 1\nfi\n# This output is used by Xcode 'outputs' to avoid re-running this script phase.\necho \"SUCCESS\" > \"${SCRIPT_OUTPUT_FILE_0}\"\n";
			showEnvVarsInLog = 0;
		};
/* End PBXShellScriptBuildPhase section */

/* Begin PBXSourcesBuildPhase section */
		751F7E491F61446F004086FF /* Sources */ = {
			isa = PBXSourcesBuildPhase;
			buildActionMask = 2147483647;
			files = (
				751F7E531F61446F004086FF /* ViewController.swift in Sources */,
				751F7E721F614790004086FF /* Launch.swift in Sources */,
				751F7E511F61446F004086FF /* AppDelegate.swift in Sources */,
			);
			runOnlyForDeploymentPostprocessing = 0;
		};
		751F7E5D1F61446F004086FF /* Sources */ = {
			isa = PBXSourcesBuildPhase;
			buildActionMask = 2147483647;
			files = (
				751F7E661F61446F004086FF /* LearnShellTests.swift in Sources */,
			);
			runOnlyForDeploymentPostprocessing = 0;
		};
/* End PBXSourcesBuildPhase section */

/* Begin PBXTargetDependency section */
		751F7E631F61446F004086FF /* PBXTargetDependency */ = {
			isa = PBXTargetDependency;
			target = 751F7E4C1F61446F004086FF /* LearnShell */;
			targetProxy = 751F7E621F61446F004086FF /* PBXContainerItemProxy */;
		};
/* End PBXTargetDependency section */

/* Begin PBXVariantGroup section */
		751F7E541F61446F004086FF /* Main.storyboard */ = {
			isa = PBXVariantGroup;
			children = (
				751F7E551F61446F004086FF /* Base */,
			);
			name = Main.storyboard;
			sourceTree = "<group>";
		};
		751F7E591F61446F004086FF /* LaunchScreen.storyboard */ = {
			isa = PBXVariantGroup;
			children = (
				751F7E5A1F61446F004086FF /* Base */,
			);
			name = LaunchScreen.storyboard;
			sourceTree = "<group>";
		};
/* End PBXVariantGroup section */

/* Begin XCBuildConfiguration section */
		751F7E681F61446F004086FF /* Debug */ = {
			isa = XCBuildConfiguration;
			buildSettings = {
				ALWAYS_SEARCH_USER_PATHS = NO;
				CLANG_ANALYZER_NONNULL = YES;
				CLANG_ANALYZER_NUMBER_OBJECT_CONVERSION = YES_AGGRESSIVE;
				CLANG_CXX_LANGUAGE_STANDARD = "gnu++0x";
				CLANG_CXX_LIBRARY = "libc++";
				CLANG_ENABLE_MODULES = YES;
				CLANG_ENABLE_OBJC_ARC = YES;
				CLANG_WARN_BOOL_CONVERSION = YES;
				CLANG_WARN_CONSTANT_CONVERSION = YES;
				CLANG_WARN_DIRECT_OBJC_ISA_USAGE = YES_ERROR;
				CLANG_WARN_DOCUMENTATION_COMMENTS = YES;
				CLANG_WARN_EMPTY_BODY = YES;
				CLANG_WARN_ENUM_CONVERSION = YES;
				CLANG_WARN_INFINITE_RECURSION = YES;
				CLANG_WARN_INT_CONVERSION = YES;
				CLANG_WARN_OBJC_ROOT_CLASS = YES_ERROR;
				CLANG_WARN_SUSPICIOUS_MOVE = YES;
				CLANG_WARN_UNREACHABLE_CODE = YES;
				CLANG_WARN__DUPLICATE_METHOD_MATCH = YES;
				"CODE_SIGN_IDENTITY[sdk=iphoneos*]" = "iPhone Developer";
				COPY_PHASE_STRIP = NO;
				DEBUG_INFORMATION_FORMAT = dwarf;
				ENABLE_STRICT_OBJC_MSGSEND = YES;
				ENABLE_TESTABILITY = YES;
				GCC_C_LANGUAGE_STANDARD = gnu99;
				GCC_DYNAMIC_NO_PIC = NO;
				GCC_NO_COMMON_BLOCKS = YES;
				GCC_OPTIMIZATION_LEVEL = 0;
				GCC_PREPROCESSOR_DEFINITIONS = (
					"DEBUG=1",
					"$(inherited)",
				);
				GCC_WARN_64_TO_32_BIT_CONVERSION = YES;
				GCC_WARN_ABOUT_RETURN_TYPE = YES_ERROR;
				GCC_WARN_UNDECLARED_SELECTOR = YES;
				GCC_WARN_UNINITIALIZED_AUTOS = YES_AGGRESSIVE;
				GCC_WARN_UNUSED_FUNCTION = YES;
				GCC_WARN_UNUSED_VARIABLE = YES;
				IPHONEOS_DEPLOYMENT_TARGET = 10.3;
				MTL_ENABLE_DEBUG_INFO = YES;
				ONLY_ACTIVE_ARCH = YES;
				SDKROOT = iphoneos;
				SWIFT_ACTIVE_COMPILATION_CONDITIONS = DEBUG;
				SWIFT_OPTIMIZATION_LEVEL = "-Onone";
				TARGETED_DEVICE_FAMILY = "1,2";
			};
			name = Debug;
		};
		751F7E691F61446F004086FF /* Release */ = {
			isa = XCBuildConfiguration;
			buildSettings = {
				ALWAYS_SEARCH_USER_PATHS = NO;
				CLANG_ANALYZER_NONNULL = YES;
				CLANG_ANALYZER_NUMBER_OBJECT_CONVERSION = YES_AGGRESSIVE;
				CLANG_CXX_LANGUAGE_STANDARD = "gnu++0x";
				CLANG_CXX_LIBRARY = "libc++";
				CLANG_ENABLE_MODULES = YES;
				CLANG_ENABLE_OBJC_ARC = YES;
				CLANG_WARN_BOOL_CONVERSION = YES;
				CLANG_WARN_CONSTANT_CONVERSION = YES;
				CLANG_WARN_DIRECT_OBJC_ISA_USAGE = YES_ERROR;
				CLANG_WARN_DOCUMENTATION_COMMENTS = YES;
				CLANG_WARN_EMPTY_BODY = YES;
				CLANG_WARN_ENUM_CONVERSION = YES;
				CLANG_WARN_INFINITE_RECURSION = YES;
				CLANG_WARN_INT_CONVERSION = YES;
				CLANG_WARN_OBJC_ROOT_CLASS = YES_ERROR;
				CLANG_WARN_SUSPICIOUS_MOVE = YES;
				CLANG_WARN_UNREACHABLE_CODE = YES;
				CLANG_WARN__DUPLICATE_METHOD_MATCH = YES;
				"CODE_SIGN_IDENTITY[sdk=iphoneos*]" = "iPhone Developer";
				COPY_PHASE_STRIP = NO;
				DEBUG_INFORMATION_FORMAT = "dwarf-with-dsym";
				ENABLE_NS_ASSERTIONS = NO;
				ENABLE_STRICT_OBJC_MSGSEND = YES;
				GCC_C_LANGUAGE_STANDARD = gnu99;
				GCC_NO_COMMON_BLOCKS = YES;
				GCC_WARN_64_TO_32_BIT_CONVERSION = YES;
				GCC_WARN_ABOUT_RETURN_TYPE = YES_ERROR;
				GCC_WARN_UNDECLARED_SELECTOR = YES;
				GCC_WARN_UNINITIALIZED_AUTOS = YES_AGGRESSIVE;
				GCC_WARN_UNUSED_FUNCTION = YES;
				GCC_WARN_UNUSED_VARIABLE = YES;
				IPHONEOS_DEPLOYMENT_TARGET = 10.3;
				MTL_ENABLE_DEBUG_INFO = NO;
				SDKROOT = iphoneos;
				SWIFT_OPTIMIZATION_LEVEL = "-Owholemodule";
				TARGETED_DEVICE_FAMILY = "1,2";
				VALIDATE_PRODUCT = YES;
			};
			name = Release;
		};
		751F7E6B1F61446F004086FF /* Debug */ = {
			isa = XCBuildConfiguration;
			baseConfigurationReference = 289AA46EF7AA5409FEAD86D2 /* Pods-LearnShell.debug.xcconfig */;
			buildSettings = {
				ASSETCATALOG_COMPILER_APPICON_NAME = AppIcon;
				DEVELOPMENT_TEAM = RU85R33KSG;
				INFOPLIST_FILE = LearnShell/Info.plist;
				LD_RUNPATH_SEARCH_PATHS = "$(inherited) @executable_path/Frameworks";
				PRODUCT_BUNDLE_IDENTIFIER = com.lookoneey.LearnShell;
				PRODUCT_NAME = "$(TARGET_NAME)";
				SWIFT_VERSION = 3.0;
			};
			name = Debug;
		};
		751F7E6C1F61446F004086FF /* Release */ = {
			isa = XCBuildConfiguration;
			baseConfigurationReference = A4FF725705B3E5B86840474F /* Pods-LearnShell.release.xcconfig */;
			buildSettings = {
				ASSETCATALOG_COMPILER_APPICON_NAME = AppIcon;
				DEVELOPMENT_TEAM = RU85R33KSG;
				INFOPLIST_FILE = LearnShell/Info.plist;
				LD_RUNPATH_SEARCH_PATHS = "$(inherited) @executable_path/Frameworks";
				PRODUCT_BUNDLE_IDENTIFIER = com.lookoneey.LearnShell;
				PRODUCT_NAME = "$(TARGET_NAME)";
				SWIFT_VERSION = 3.0;
			};
			name = Release;
		};
		751F7E6E1F61446F004086FF /* Debug */ = {
			isa = XCBuildConfiguration;
			buildSettings = {
				ALWAYS_EMBED_SWIFT_STANDARD_LIBRARIES = YES;
				BUNDLE_LOADER = "$(TEST_HOST)";
				DEVELOPMENT_TEAM = RU85R33KSG;
				INFOPLIST_FILE = LearnShellTests/Info.plist;
				LD_RUNPATH_SEARCH_PATHS = "$(inherited) @executable_path/Frameworks @loader_path/Frameworks";
				PRODUCT_BUNDLE_IDENTIFIER = com.lookoneey.LearnShellTests;
				PRODUCT_NAME = "$(TARGET_NAME)";
				SWIFT_VERSION = 3.0;
				TEST_HOST = "$(BUILT_PRODUCTS_DIR)/LearnShell.app/LearnShell";
			};
			name = Debug;
		};
		751F7E6F1F61446F004086FF /* Release */ = {
			isa = XCBuildConfiguration;
			buildSettings = {
				ALWAYS_EMBED_SWIFT_STANDARD_LIBRARIES = YES;
				BUNDLE_LOADER = "$(TEST_HOST)";
				DEVELOPMENT_TEAM = RU85R33KSG;
				INFOPLIST_FILE = LearnShellTests/Info.plist;
				LD_RUNPATH_SEARCH_PATHS = "$(inherited) @executable_path/Frameworks @loader_path/Frameworks";
				PRODUCT_BUNDLE_IDENTIFIER = com.lookoneey.LearnShellTests;
				PRODUCT_NAME = "$(TARGET_NAME)";
				SWIFT_VERSION = 3.0;
				TEST_HOST = "$(BUILT_PRODUCTS_DIR)/LearnShell.app/LearnShell";
			};
			name = Release;
		};
/* End XCBuildConfiguration section */

/* Begin XCConfigurationList section */
		751F7E481F61446F004086FF /* Build configuration list for PBXProject "LearnShell" */ = {
			isa = XCConfigurationList;
			buildConfigurations = (
				751F7E681F61446F004086FF /* Debug */,
				751F7E691F61446F004086FF /* Release */,
			);
			defaultConfigurationIsVisible = 0;
			defaultConfigurationName = Release;
		};
		751F7E6A1F61446F004086FF /* Build configuration list for PBXNativeTarget "LearnShell" */ = {
			isa = XCConfigurationList;
			buildConfigurations = (
				751F7E6B1F61446F004086FF /* Debug */,
				751F7E6C1F61446F004086FF /* Release */,
			);
			defaultConfigurationIsVisible = 0;
			defaultConfigurationName = Release;
		};
		751F7E6D1F61446F004086FF /* Build configuration list for PBXNativeTarget "LearnShellTests" */ = {
			isa = XCConfigurationList;
			buildConfigurations = (
				751F7E6E1F61446F004086FF /* Debug */,
				751F7E6F1F61446F004086FF /* Release */,
			);
			defaultConfigurationIsVisible = 0;
			defaultConfigurationName = Release;
		};
/* End XCConfigurationList section */
	};
	rootObject = 751F7E451F61446F004086FF /* Project object */;
}
